
Microsoft Visual Studio Solution File, Format Version 12.00
# Visual Studio 14
VisualStudioVersion = 14.0.24720.0
MinimumVisualStudioVersion = 10.0.40219.1
Project("{9092AA53-FB77-4645-B42D-1CCCA6BD08BD}") = "ofm2Arinc_enav7", "ofm2Arinc_enav7.njsproj", "{60F676BA-4533-4DE5-A726-C1A264D61798}"
EndProject
Global
	GlobalSection(SolutionConfigurationPlatforms) = preSolution
		Debug|Any CPU = Debug|Any CPU
		Release|Any CPU = Release|Any CPU
	EndGlobalSection
	GlobalSection(ProjectConfigurationPlatforms) = postSolution
		{60F676BA-4533-4DE5-A726-C1A264D61798}.Debug|Any CPU.ActiveCfg = Debug|Any CPU
		{60F676BA-4533-4DE5-A726-C1A264D61798}.Debug|Any CPU.Build.0 = Debug|Any CPU
		{60F676BA-4533-4DE5-A726-C1A264D61798}.Release|Any CPU.ActiveCfg = Release|Any CPU
		{60F676BA-4533-4DE5-A726-C1A264D61798}.Release|Any CPU.Build.0 = Release|Any CPU
	EndGlobalSection
	GlobalSection(SolutionProperties) = preSolution
		HideSolutionNode = FALSE
	EndGlobalSection
EndGlobal
